
Microsoft Visual Studio Solution File, Format Version 12.00
# Visual Studio Version 17
VisualStudioVersion = 17.6.33829.357
MinimumVisualStudioVersion = 10.0.40219.1
Project("{2150E333-8FDC-42A3-9474-1A3956D46DE8}") = "解决方案项", "解决方案项", "{CFFEB80B-8493-45A3-A61A-8CA26FBBBE6A}"
	ProjectSection(SolutionItems) = preProject
		LICENSE = LICENSE
		README.md = README.md
	EndProjectSection
EndProject
Project("{FAE04EC0-301F-11D3-BF4B-00C04F79EFBC}") = "LangidNet", "LangidNet\LangidNet.csproj", "{51EEE100-DBBB-4B35-9F91-6417082CA4FC}"
EndProject
Project("{FAE04EC0-301F-11D3-BF4B-00C04F79EFBC}") = "LangidNet.Examples", "LangidNet.Examples\LangidNet.Examples.csproj", "{7D90B8D6-8FB7-4831-B2AA-F9305C163EBA}"
EndProject
Global
	GlobalSection(SolutionConfigurationPlatforms) = preSolution
		Debug|Any CPU = Debug|Any CPU
		Release|Any CPU = Release|Any CPU
	EndGlobalSection
	GlobalSection(ProjectConfigurationPlatforms) = postSolution
		{51EEE100-DBBB-4B35-9F91-6417082CA4FC}.Debug|Any CPU.ActiveCfg = Debug|Any CPU
		{51EEE100-DBBB-4B35-9F91-6417082CA4FC}.Debug|Any CPU.Build.0 = Debug|Any CPU
		{51EEE100-DBBB-4B35-9F91-6417082CA4FC}.Release|Any CPU.ActiveCfg = Release|Any CPU
		{51EEE100-DBBB-4B35-9F91-6417082CA4FC}.Release|Any CPU.Build.0 = Release|Any CPU
		{7D90B8D6-8FB7-4831-B2AA-F9305C163EBA}.Debug|Any CPU.ActiveCfg = Debug|Any CPU
		{7D90B8D6-8FB7-4831-B2AA-F9305C163EBA}.Debug|Any CPU.Build.0 = Debug|Any CPU
		{7D90B8D6-8FB7-4831-B2AA-F9305C163EBA}.Release|Any CPU.ActiveCfg = Release|Any CPU
		{7D90B8D6-8FB7-4831-B2AA-F9305C163EBA}.Release|Any CPU.Build.0 = Release|Any CPU
	EndGlobalSection
	GlobalSection(SolutionProperties) = preSolution
		HideSolutionNode = FALSE
	EndGlobalSection
	GlobalSection(ExtensibilityGlobals) = postSolution
		SolutionGuid = {5E45F5A7-00C0-4604-9EDD-65CBC6588003}
	EndGlobalSection
EndGlobal
